
Microsoft Visual Studio Solution File, Format Version 12.00
# Visual Studio Version 17
VisualStudioVersion = 17.4.33110.190
MinimumVisualStudioVersion = 10.0.40219.1
Project("{FAE04EC0-301F-11D3-BF4B-00C04F79EFBC}") = "1. Count Real Numbers", "1. Count Real Numbers\1. Count Real Numbers.csproj", "{1EB69C38-0186-42C9-847C-5ABB672BCFC0}"
EndProject
Project("{FAE04EC0-301F-11D3-BF4B-00C04F79EFBC}") = "2. Odd Occurrences", "2. Odd Occurrences\2. Odd Occurrences.csproj", "{3F55A33D-A710-47A0-BD70-BBB2E038CEFE}"
EndProject
Project("{FAE04EC0-301F-11D3-BF4B-00C04F79EFBC}") = "3. Word Synonyms", "3. Word Synonyms\3. Word Synonyms.csproj", "{5FDB721E-2318-4639-91E7-9E1E1CD8B25D}"
EndProject
Project("{FAE04EC0-301F-11D3-BF4B-00C04F79EFBC}") = "4. Word Filter", "4. Word Filter\4. Word Filter.csproj", "{DCDB7599-F8BE-4691-9458-6104D47654FC}"
EndProject
Global
	GlobalSection(SolutionConfigurationPlatforms) = preSolution
		Debug|Any CPU = Debug|Any CPU
		Release|Any CPU = Release|Any CPU
	EndGlobalSection
	GlobalSection(ProjectConfigurationPlatforms) = postSolution
		{1EB69C38-0186-42C9-847C-5ABB672BCFC0}.Debug|Any CPU.ActiveCfg = Debug|Any CPU
		{1EB69C38-0186-42C9-847C-5ABB672BCFC0}.Debug|Any CPU.Build.0 = Debug|Any CPU
		{1EB69C38-0186-42C9-847C-5ABB672BCFC0}.Release|Any CPU.ActiveCfg = Release|Any CPU
		{1EB69C38-0186-42C9-847C-5ABB672BCFC0}.Release|Any CPU.Build.0 = Release|Any CPU
		{3F55A33D-A710-47A0-BD70-BBB2E038CEFE}.Debug|Any CPU.ActiveCfg = Debug|Any CPU
		{3F55A33D-A710-47A0-BD70-BBB2E038CEFE}.Debug|Any CPU.Build.0 = Debug|Any CPU
		{3F55A33D-A710-47A0-BD70-BBB2E038CEFE}.Release|Any CPU.ActiveCfg = Release|Any CPU
		{3F55A33D-A710-47A0-BD70-BBB2E038CEFE}.Release|Any CPU.Build.0 = Release|Any CPU
		{5FDB721E-2318-4639-91E7-9E1E1CD8B25D}.Debug|Any CPU.ActiveCfg = Debug|Any CPU
		{5FDB721E-2318-4639-91E7-9E1E1CD8B25D}.Debug|Any CPU.Build.0 = Debug|Any CPU
		{5FDB721E-2318-4639-91E7-9E1E1CD8B25D}.Release|Any CPU.ActiveCfg = Release|Any CPU
		{5FDB721E-2318-4639-91E7-9E1E1CD8B25D}.Release|Any CPU.Build.0 = Release|Any CPU
		{DCDB7599-F8BE-4691-9458-6104D47654FC}.Debug|Any CPU.ActiveCfg = Debug|Any CPU
		{DCDB7599-F8BE-4691-9458-6104D47654FC}.Debug|Any CPU.Build.0 = Debug|Any CPU
		{DCDB7599-F8BE-4691-9458-6104D47654FC}.Release|Any CPU.ActiveCfg = Release|Any CPU
		{DCDB7599-F8BE-4691-9458-6104D47654FC}.Release|Any CPU.Build.0 = Release|Any CPU
	EndGlobalSection
	GlobalSection(SolutionProperties) = preSolution
		HideSolutionNode = FALSE
	EndGlobalSection
	GlobalSection(ExtensibilityGlobals) = postSolution
		SolutionGuid = {2596AABA-94D1-4018-A83B-CC46AB735614}
	EndGlobalSection
EndGlobal
